
Microsoft Visual Studio Solution File, Format Version 12.00
# Visual Studio Version 17
VisualStudioVersion = 17.8.34316.72
MinimumVisualStudioVersion = 10.0.40219.1
Project("{9A19103F-16F7-4668-BE54-9A1E7A4F7556}") = "Logálaí", "Logálaí\Logálaí.csproj", "{055904DB-C8AB-40EC-937B-3F39E830739D}"
EndProject
Project("{FAE04EC0-301F-11D3-BF4B-00C04F79EFBC}") = "Logálaí.Test", "Logálaí.Test\Logálaí.Test.csproj", "{BEE21C13-54E0-40F7-917B-191DFEFCAD1D}"
EndProject
Global
	GlobalSection(SolutionConfigurationPlatforms) = preSolution
		Debug|Any CPU = Debug|Any CPU
		Release|Any CPU = Release|Any CPU
	EndGlobalSection
	GlobalSection(ProjectConfigurationPlatforms) = postSolution
		{055904DB-C8AB-40EC-937B-3F39E830739D}.Debug|Any CPU.ActiveCfg = Debug|Any CPU
		{055904DB-C8AB-40EC-937B-3F39E830739D}.Debug|Any CPU.Build.0 = Debug|Any CPU
		{055904DB-C8AB-40EC-937B-3F39E830739D}.Release|Any CPU.ActiveCfg = Release|Any CPU
		{055904DB-C8AB-40EC-937B-3F39E830739D}.Release|Any CPU.Build.0 = Release|Any CPU
		{BEE21C13-54E0-40F7-917B-191DFEFCAD1D}.Debug|Any CPU.ActiveCfg = Debug|Any CPU
		{BEE21C13-54E0-40F7-917B-191DFEFCAD1D}.Debug|Any CPU.Build.0 = Debug|Any CPU
		{BEE21C13-54E0-40F7-917B-191DFEFCAD1D}.Release|Any CPU.ActiveCfg = Release|Any CPU
		{BEE21C13-54E0-40F7-917B-191DFEFCAD1D}.Release|Any CPU.Build.0 = Release|Any CPU
	EndGlobalSection
	GlobalSection(SolutionProperties) = preSolution
		HideSolutionNode = FALSE
	EndGlobalSection
	GlobalSection(ExtensibilityGlobals) = postSolution
		SolutionGuid = {4B134A71-9A08-45D5-8101-C21AB18A735E}
	EndGlobalSection
EndGlobal
